
Microsoft Visual Studio Solution File, Format Version 12.00
# Visual Studio Version 17
VisualStudioVersion = 17.1.32210.238
MinimumVisualStudioVersion = 10.0.40219.1
Project("{FAE04EC0-301F-11D3-BF4B-00C04F79EFBC}") = "PokemonFormsApplication", "PokemonFormsApplication\PokemonFormsApplication.csproj", "{82139030-2861-4F16-99A0-4D6C69072A8F}"
EndProject
Project("{FAE04EC0-301F-11D3-BF4B-00C04F79EFBC}") = "LogicLayer", "LogicLayer\LogicLayer.csproj", "{C8CEE58C-0DB4-4E64-AC15-0B0094613732}"
EndProject
Project("{FAE04EC0-301F-11D3-BF4B-00C04F79EFBC}") = "DataLayer", "DataLayer\DataLayer.csproj", "{84B46E8C-FF7F-4C4C-BA61-53B971FBF6A2}"
EndProject
Project("{FAE04EC0-301F-11D3-BF4B-00C04F79EFBC}") = "ClassLayer", "ClassLayer\ClassLayer.csproj", "{95FE8330-EBA0-4222-AA1C-8AE6B35006D9}"
EndProject
Project("{FAE04EC0-301F-11D3-BF4B-00C04F79EFBC}") = "AppSettings", "AppSettings\AppSettings.csproj", "{687FCA48-EF97-4D8D-A654-B869D6BBFA9B}"
EndProject
Project("{FAE04EC0-301F-11D3-BF4B-00C04F79EFBC}") = "Presentation.WPF", "Presentation.WPF\Presentation.WPF.csproj", "{79B8F2A6-33C6-4209-8C1A-3A31ECFABE0C}"
EndProject
Project("{2150E333-8FDC-42A3-9474-1A3956D46DE8}") = "Legacy", "Legacy", "{E8349790-F5A0-4052-BB0B-BB41B1E9D244}"
EndProject
Global
	GlobalSection(SolutionConfigurationPlatforms) = preSolution
		Debug|Any CPU = Debug|Any CPU
		Release|Any CPU = Release|Any CPU
	EndGlobalSection
	GlobalSection(ProjectConfigurationPlatforms) = postSolution
		{82139030-2861-4F16-99A0-4D6C69072A8F}.Debug|Any CPU.ActiveCfg = Debug|Any CPU
		{82139030-2861-4F16-99A0-4D6C69072A8F}.Debug|Any CPU.Build.0 = Debug|Any CPU
		{82139030-2861-4F16-99A0-4D6C69072A8F}.Release|Any CPU.ActiveCfg = Release|Any CPU
		{82139030-2861-4F16-99A0-4D6C69072A8F}.Release|Any CPU.Build.0 = Release|Any CPU
		{C8CEE58C-0DB4-4E64-AC15-0B0094613732}.Debug|Any CPU.ActiveCfg = Debug|Any CPU
		{C8CEE58C-0DB4-4E64-AC15-0B0094613732}.Debug|Any CPU.Build.0 = Debug|Any CPU
		{C8CEE58C-0DB4-4E64-AC15-0B0094613732}.Release|Any CPU.ActiveCfg = Release|Any CPU
		{C8CEE58C-0DB4-4E64-AC15-0B0094613732}.Release|Any CPU.Build.0 = Release|Any CPU
		{84B46E8C-FF7F-4C4C-BA61-53B971FBF6A2}.Debug|Any CPU.ActiveCfg = Debug|Any CPU
		{84B46E8C-FF7F-4C4C-BA61-53B971FBF6A2}.Debug|Any CPU.Build.0 = Debug|Any CPU
		{84B46E8C-FF7F-4C4C-BA61-53B971FBF6A2}.Release|Any CPU.ActiveCfg = Release|Any CPU
		{84B46E8C-FF7F-4C4C-BA61-53B971FBF6A2}.Release|Any CPU.Build.0 = Release|Any CPU
		{95FE8330-EBA0-4222-AA1C-8AE6B35006D9}.Debug|Any CPU.ActiveCfg = Debug|Any CPU
		{95FE8330-EBA0-4222-AA1C-8AE6B35006D9}.Debug|Any CPU.Build.0 = Debug|Any CPU
		{95FE8330-EBA0-4222-AA1C-8AE6B35006D9}.Release|Any CPU.ActiveCfg = Release|Any CPU
		{95FE8330-EBA0-4222-AA1C-8AE6B35006D9}.Release|Any CPU.Build.0 = Release|Any CPU
		{687FCA48-EF97-4D8D-A654-B869D6BBFA9B}.Debug|Any CPU.ActiveCfg = Debug|Any CPU
		{687FCA48-EF97-4D8D-A654-B869D6BBFA9B}.Debug|Any CPU.Build.0 = Debug|Any CPU
		{687FCA48-EF97-4D8D-A654-B869D6BBFA9B}.Release|Any CPU.ActiveCfg = Release|Any CPU
		{687FCA48-EF97-4D8D-A654-B869D6BBFA9B}.Release|Any CPU.Build.0 = Release|Any CPU
		{79B8F2A6-33C6-4209-8C1A-3A31ECFABE0C}.Debug|Any CPU.ActiveCfg = Debug|Any CPU
		{79B8F2A6-33C6-4209-8C1A-3A31ECFABE0C}.Debug|Any CPU.Build.0 = Debug|Any CPU
		{79B8F2A6-33C6-4209-8C1A-3A31ECFABE0C}.Release|Any CPU.ActiveCfg = Release|Any CPU
		{79B8F2A6-33C6-4209-8C1A-3A31ECFABE0C}.Release|Any CPU.Build.0 = Release|Any CPU
	EndGlobalSection
	GlobalSection(SolutionProperties) = preSolution
		HideSolutionNode = FALSE
	EndGlobalSection
	GlobalSection(NestedProjects) = preSolution
		{82139030-2861-4F16-99A0-4D6C69072A8F} = {E8349790-F5A0-4052-BB0B-BB41B1E9D244}
		{C8CEE58C-0DB4-4E64-AC15-0B0094613732} = {E8349790-F5A0-4052-BB0B-BB41B1E9D244}
		{84B46E8C-FF7F-4C4C-BA61-53B971FBF6A2} = {E8349790-F5A0-4052-BB0B-BB41B1E9D244}
		{95FE8330-EBA0-4222-AA1C-8AE6B35006D9} = {E8349790-F5A0-4052-BB0B-BB41B1E9D244}
		{687FCA48-EF97-4D8D-A654-B869D6BBFA9B} = {E8349790-F5A0-4052-BB0B-BB41B1E9D244}
	EndGlobalSection
	GlobalSection(ExtensibilityGlobals) = postSolution
		SolutionGuid = {1D49EAF9-709F-4B4A-9882-C07CBFA8933A}
	EndGlobalSection
EndGlobal
