
Microsoft Visual Studio Solution File, Format Version 12.00
# Visual Studio Version 17
VisualStudioVersion = 17.1.32210.238
MinimumVisualStudioVersion = 10.0.40219.1
Project("{9A19103F-16F7-4668-BE54-9A1E7A4F7556}") = "Presentation.WPF", "Presentation.WPF\Presentation.WPF.csproj", "{79B8F2A6-33C6-4209-8C1A-3A31ECFABE0C}"
EndProject
Project("{9A19103F-16F7-4668-BE54-9A1E7A4F7556}") = "Infrastructure.DataAccess.Local", "Infrastructure.DataAccess.Local\Infrastructure.DataAccess.Local.csproj", "{A1829912-4C49-40B2-9C7D-BDE87EAEFD2B}"
EndProject
Project("{9A19103F-16F7-4668-BE54-9A1E7A4F7556}") = "Domain.Model", "Domain.Model\Domain.Model.csproj", "{668F1198-8237-4D6B-B353-9E5D89A3B80E}"
EndProject
Project("{9A19103F-16F7-4668-BE54-9A1E7A4F7556}") = "Domain.Resources", "Domain.Resources\Domain.Resources.csproj", "{14C7C832-BA6E-4168-9546-22EF1DD3503F}"
EndProject
Project("{9A19103F-16F7-4668-BE54-9A1E7A4F7556}") = "Infrastructure.DataAccess.MySQL", "Infrastructure.DataAccess.MySQL\Infrastructure.DataAccess.MySQL.csproj", "{22FCE048-1D9C-4278-994A-D354802A678B}"
EndProject
Project("{2150E333-8FDC-42A3-9474-1A3956D46DE8}") = "Domain", "Domain", "{B730FBDC-4EC2-46F4-8918-9C2889734FCC}"
EndProject
Project("{2150E333-8FDC-42A3-9474-1A3956D46DE8}") = "Application", "Application", "{50D3E227-3AF3-40E4-95D2-8AF854909BF9}"
EndProject
Project("{2150E333-8FDC-42A3-9474-1A3956D46DE8}") = "Infrastructure", "Infrastructure", "{4274EB79-80BF-45DD-9BE6-B18967194573}"
EndProject
Project("{2150E333-8FDC-42A3-9474-1A3956D46DE8}") = "Presentation", "Presentation", "{09AA3070-EBBB-4573-8B47-02CD675CE0E3}"
EndProject
Project("{FAE04EC0-301F-11D3-BF4B-00C04F79EFBC}") = "Domain.Core", "Domain.Core\Domain.Core.csproj", "{BD09DB7A-EE54-49A6-A0AD-F91092DA0F4A}"
EndProject
Project("{FAE04EC0-301F-11D3-BF4B-00C04F79EFBC}") = "Application.Services", "Application.Services\Application.Services.csproj", "{31BB268A-9D7E-488C-A064-F4B22CC5DF3A}"
EndProject
Global
	GlobalSection(SolutionConfigurationPlatforms) = preSolution
		Debug|Any CPU = Debug|Any CPU
		Release|Any CPU = Release|Any CPU
	EndGlobalSection
	GlobalSection(ProjectConfigurationPlatforms) = postSolution
		{79B8F2A6-33C6-4209-8C1A-3A31ECFABE0C}.Debug|Any CPU.ActiveCfg = Debug|Any CPU
		{79B8F2A6-33C6-4209-8C1A-3A31ECFABE0C}.Debug|Any CPU.Build.0 = Debug|Any CPU
		{79B8F2A6-33C6-4209-8C1A-3A31ECFABE0C}.Release|Any CPU.ActiveCfg = Release|Any CPU
		{79B8F2A6-33C6-4209-8C1A-3A31ECFABE0C}.Release|Any CPU.Build.0 = Release|Any CPU
		{A1829912-4C49-40B2-9C7D-BDE87EAEFD2B}.Debug|Any CPU.ActiveCfg = Debug|Any CPU
		{A1829912-4C49-40B2-9C7D-BDE87EAEFD2B}.Debug|Any CPU.Build.0 = Debug|Any CPU
		{A1829912-4C49-40B2-9C7D-BDE87EAEFD2B}.Release|Any CPU.ActiveCfg = Release|Any CPU
		{A1829912-4C49-40B2-9C7D-BDE87EAEFD2B}.Release|Any CPU.Build.0 = Release|Any CPU
		{668F1198-8237-4D6B-B353-9E5D89A3B80E}.Debug|Any CPU.ActiveCfg = Debug|Any CPU
		{668F1198-8237-4D6B-B353-9E5D89A3B80E}.Debug|Any CPU.Build.0 = Debug|Any CPU
		{668F1198-8237-4D6B-B353-9E5D89A3B80E}.Release|Any CPU.ActiveCfg = Release|Any CPU
		{668F1198-8237-4D6B-B353-9E5D89A3B80E}.Release|Any CPU.Build.0 = Release|Any CPU
		{14C7C832-BA6E-4168-9546-22EF1DD3503F}.Debug|Any CPU.ActiveCfg = Debug|Any CPU
		{14C7C832-BA6E-4168-9546-22EF1DD3503F}.Debug|Any CPU.Build.0 = Debug|Any CPU
		{14C7C832-BA6E-4168-9546-22EF1DD3503F}.Release|Any CPU.ActiveCfg = Release|Any CPU
		{14C7C832-BA6E-4168-9546-22EF1DD3503F}.Release|Any CPU.Build.0 = Release|Any CPU
		{22FCE048-1D9C-4278-994A-D354802A678B}.Debug|Any CPU.ActiveCfg = Debug|Any CPU
		{22FCE048-1D9C-4278-994A-D354802A678B}.Debug|Any CPU.Build.0 = Debug|Any CPU
		{22FCE048-1D9C-4278-994A-D354802A678B}.Release|Any CPU.ActiveCfg = Release|Any CPU
		{22FCE048-1D9C-4278-994A-D354802A678B}.Release|Any CPU.Build.0 = Release|Any CPU
		{BD09DB7A-EE54-49A6-A0AD-F91092DA0F4A}.Debug|Any CPU.ActiveCfg = Debug|Any CPU
		{BD09DB7A-EE54-49A6-A0AD-F91092DA0F4A}.Debug|Any CPU.Build.0 = Debug|Any CPU
		{BD09DB7A-EE54-49A6-A0AD-F91092DA0F4A}.Release|Any CPU.ActiveCfg = Release|Any CPU
		{BD09DB7A-EE54-49A6-A0AD-F91092DA0F4A}.Release|Any CPU.Build.0 = Release|Any CPU
		{31BB268A-9D7E-488C-A064-F4B22CC5DF3A}.Debug|Any CPU.ActiveCfg = Debug|Any CPU
		{31BB268A-9D7E-488C-A064-F4B22CC5DF3A}.Debug|Any CPU.Build.0 = Debug|Any CPU
		{31BB268A-9D7E-488C-A064-F4B22CC5DF3A}.Release|Any CPU.ActiveCfg = Release|Any CPU
		{31BB268A-9D7E-488C-A064-F4B22CC5DF3A}.Release|Any CPU.Build.0 = Release|Any CPU
	EndGlobalSection
	GlobalSection(SolutionProperties) = preSolution
		HideSolutionNode = FALSE
	EndGlobalSection
	GlobalSection(NestedProjects) = preSolution
		{79B8F2A6-33C6-4209-8C1A-3A31ECFABE0C} = {09AA3070-EBBB-4573-8B47-02CD675CE0E3}
		{A1829912-4C49-40B2-9C7D-BDE87EAEFD2B} = {4274EB79-80BF-45DD-9BE6-B18967194573}
		{668F1198-8237-4D6B-B353-9E5D89A3B80E} = {B730FBDC-4EC2-46F4-8918-9C2889734FCC}
		{14C7C832-BA6E-4168-9546-22EF1DD3503F} = {B730FBDC-4EC2-46F4-8918-9C2889734FCC}
		{22FCE048-1D9C-4278-994A-D354802A678B} = {4274EB79-80BF-45DD-9BE6-B18967194573}
		{B730FBDC-4EC2-46F4-8918-9C2889734FCC} = {50D3E227-3AF3-40E4-95D2-8AF854909BF9}
		{BD09DB7A-EE54-49A6-A0AD-F91092DA0F4A} = {B730FBDC-4EC2-46F4-8918-9C2889734FCC}
		{31BB268A-9D7E-488C-A064-F4B22CC5DF3A} = {50D3E227-3AF3-40E4-95D2-8AF854909BF9}
	EndGlobalSection
	GlobalSection(ExtensibilityGlobals) = postSolution
		SolutionGuid = {1D49EAF9-709F-4B4A-9882-C07CBFA8933A}
	EndGlobalSection
EndGlobal
